PODS:
  - Alamofire (4.8.1)
  - AlamofireImage (3.5.0):
    - Alamofire (~> 4.8)
  - FMDB (2.7.5):
    - FMDB/standard (= 2.7.5)
  - FMDB/standard (2.7.5)

DEPENDENCIES:
  - Alamofire
  - AlamofireImage
  - FMDB

SPEC REPOS:
  https://github.com/cocoapods/specs.git:
    - Alamofire
    - AlamofireImage
    - FMDB

SPEC CHECKSUMS:
  Alamofire: 16ce2c353fb72865124ddae8a57c5942388f4f11
  AlamofireImage: 1aea346f4dda2f6c67622fa5a89fcbb80d79cc16
  FMDB: 2ce00b547f966261cd18927a3ddb07cb6f3db82a

PODFILE CHECKSUM: 00af19ea20fc53d741f65ff210075623fc69b5af

COCOAPODS: 1.5.2
