// !$*UTF8*$!
{
	archiveVersion = 1;
	classes = {
	};
	objectVersion = 50;
	objects = {

/* Begin PBXBuildFile section */
		00C723E7101CE7B6C42416D0 /* Pods_nearBest.framework in Frameworks */ = {isa = PBXBuildFile; fileRef = A7F8C5101359BF9CF26D6D79 /* Pods_nearBest.framework */; };
		2F05157122F5DC1200217ACD /* MainScreenView.swift in Sources */ = {isa = PBXBuildFile; fileRef = 2F05157022F5DC1200217ACD /* MainScreenView.swift */; };
		2F05157422F5DF9000217ACD /* RequestManager.swift in Sources */ = {isa = PBXBuildFile; fileRef = 2F05157322F5DF9000217ACD /* RequestManager.swift */; };
		2F05157A22F6201800217ACD /* PlaceModel.swift in Sources */ = {isa = PBXBuildFile; fileRef = 2F05157922F6201800217ACD /* PlaceModel.swift */; };
		2F05157C22F62E4E00217ACD /* DetailsScreenView.swift in Sources */ = {isa = PBXBuildFile; fileRef = 2F05157B22F62E4E00217ACD /* DetailsScreenView.swift */; };
		2F3C256F22F76183006A3389 /* DataBaseManager.swift in Sources */ = {isa = PBXBuildFile; fileRef = 2F3C256E22F76183006A3389 /* DataBaseManager.swift */; };
		2F671FAF22F8597D0052AF1B /* MainScreenTests.swift in Sources */ = {isa = PBXBuildFile; fileRef = 2F671FAE22F8597D0052AF1B /* MainScreenTests.swift */; };
		2F9E464D22F8A33900BF6B7F /* DetailsScreenTests.swift in Sources */ = {isa = PBXBuildFile; fileRef = 2F9E464C22F8A33900BF6B7F /* DetailsScreenTests.swift */; };
		2FB8EF5322F5D180007B2D6E /* AppDelegate.swift in Sources */ = {isa = PBXBuildFile; fileRef = 2FB8EF5222F5D180007B2D6E /* AppDelegate.swift */; };
		2FB8EF5822F5D180007B2D6E /* Main.storyboard in Resources */ = {isa = PBXBuildFile; fileRef = 2FB8EF5622F5D180007B2D6E /* Main.storyboard */; };
		2FB8EF5A22F5D182007B2D6E /* Assets.xcassets in Resources */ = {isa = PBXBuildFile; fileRef = 2FB8EF5922F5D182007B2D6E /* Assets.xcassets */; };
		2FB8EF5D22F5D182007B2D6E /* LaunchScreen.storyboard in Resources */ = {isa = PBXBuildFile; fileRef = 2FB8EF5B22F5D182007B2D6E /* LaunchScreen.storyboard */; };
		2FB8EF7322F5D182007B2D6E /* nearBestUITests.swift in Sources */ = {isa = PBXBuildFile; fileRef = 2FB8EF7222F5D182007B2D6E /* nearBestUITests.swift */; };
		2FC3F8FC22F635BC00448373 /* ParsingManager.swift in Sources */ = {isa = PBXBuildFile; fileRef = 2FC3F8FB22F635BC00448373 /* ParsingManager.swift */; };
		2FC3F8FE22F63F7900448373 /* DetailsScreenController.swift in Sources */ = {isa = PBXBuildFile; fileRef = 2FC3F8FD22F63F7900448373 /* DetailsScreenController.swift */; };
		2FC3F90022F6424C00448373 /* MainScreenController.swift in Sources */ = {isa = PBXBuildFile; fileRef = 2FC3F8FF22F6424C00448373 /* MainScreenController.swift */; };
		2FC3F90322F6450000448373 /* DetailsCell.swift in Sources */ = {isa = PBXBuildFile; fileRef = 2FC3F90222F6450000448373 /* DetailsCell.swift */; };
/* End PBXBuildFile section */

/* Begin PBXContainerItemProxy section */
		2FB8EF6422F5D182007B2D6E /* PBXContainerItemProxy */ = {
			isa = PBXContainerItemProxy;
			containerPortal = 2FB8EF4722F5D180007B2D6E /* Project object */;
			proxyType = 1;
			remoteGlobalIDString = 2FB8EF4E22F5D180007B2D6E;
			remoteInfo = nearBest;
		};
		2FB8EF6F22F5D182007B2D6E /* PBXContainerItemProxy */ = {
			isa = PBXContainerItemProxy;
			containerPortal = 2FB8EF4722F5D180007B2D6E /* Project object */;
			proxyType = 1;
			remoteGlobalIDString = 2FB8EF4E22F5D180007B2D6E;
			remoteInfo = nearBest;
		};
/* End PBXContainerItemProxy section */

/* Begin PBXFileReference section */
		152FD2011A63BAA6C5463134 /* Pods-nearBest.release.xcconfig */ = {isa = PBXFileReference; includeInIndex = 1; lastKnownFileType = text.xcconfig; name = "Pods-nearBest.release.xcconfig"; path = "Pods/Target Support Files/Pods-nearBest/Pods-nearBest.release.xcconfig"; sourceTree = "<group>"; };
		2F05157022F5DC1200217ACD /* MainScreenView.swift */ = {isa = PBXFileReference; lastKnownFileType = sourcecode.swift; path = MainScreenView.swift; sourceTree = "<group>"; };
		2F05157322F5DF9000217ACD /* RequestManager.swift */ = {isa = PBXFileReference; lastKnownFileType = sourcecode.swift; path = RequestManager.swift; sourceTree = "<group>"; };
		2F05157922F6201800217ACD /* PlaceModel.swift */ = {isa = PBXFileReference; lastKnownFileType = sourcecode.swift; path = PlaceModel.swift; sourceTree = "<group>"; };
		2F05157B22F62E4E00217ACD /* DetailsScreenView.swift */ = {isa = PBXFileReference; lastKnownFileType = sourcecode.swift; path = DetailsScreenView.swift; sourceTree = "<group>"; };
		2F3C256E22F76183006A3389 /* DataBaseManager.swift */ = {isa = PBXFileReference; lastKnownFileType = sourcecode.swift; path = DataBaseManager.swift; sourceTree = "<group>"; };
		2F671FAE22F8597D0052AF1B /* MainScreenTests.swift */ = {isa = PBXFileReference; lastKnownFileType = sourcecode.swift; path = MainScreenTests.swift; sourceTree = "<group>"; };
		2F9E464C22F8A33900BF6B7F /* DetailsScreenTests.swift */ = {isa = PBXFileReference; lastKnownFileType = sourcecode.swift; path = DetailsScreenTests.swift; sourceTree = "<group>"; };
		2FB8EF4F22F5D180007B2D6E /* nearBest.app */ = {isa = PBXFileReference; explicitFileType = wrapper.application; includeInIndex = 0; path = nearBest.app; sourceTree = BUILT_PRODUCTS_DIR; };
		2FB8EF5222F5D180007B2D6E /* AppDelegate.swift */ = {isa = PBXFileReference; lastKnownFileType = sourcecode.swift; path = AppDelegate.swift; sourceTree = "<group>"; };
		2FB8EF5722F5D180007B2D6E /* Base */ = {isa = PBXFileReference; lastKnownFileType = file.storyboard; name = Base; path = Base.lproj/Main.storyboard; sourceTree = "<group>"; };
		2FB8EF5922F5D182007B2D6E /* Assets.xcassets */ = {isa = PBXFileReference; lastKnownFileType = folder.assetcatalog; path = Assets.xcassets; sourceTree = "<group>"; };
		2FB8EF5C22F5D182007B2D6E /* Base */ = {isa = PBXFileReference; lastKnownFileType = file.storyboard; name = Base; path = Base.lproj/LaunchScreen.storyboard; sourceTree = "<group>"; };
		2FB8EF5E22F5D182007B2D6E /* Info.plist */ = {isa = PBXFileReference; lastKnownFileType = text.plist.xml; path = Info.plist; sourceTree = "<group>"; };
		2FB8EF6322F5D182007B2D6E /* nearBestTests.xctest */ = {isa = PBXFileReference; explicitFileType = wrapper.cfbundle; includeInIndex = 0; path = nearBestTests.xctest; sourceTree = BUILT_PRODUCTS_DIR; };
		2FB8EF6922F5D182007B2D6E /* Info.plist */ = {isa = PBXFileReference; lastKnownFileType = text.plist.xml; path = Info.plist; sourceTree = "<group>"; };
		2FB8EF6E22F5D182007B2D6E /* nearBestUITests.xctest */ = {isa = PBXFileReference; explicitFileType = wrapper.cfbundle; includeInIndex = 0; path = nearBestUITests.xctest; sourceTree = BUILT_PRODUCTS_DIR; };
		2FB8EF7222F5D182007B2D6E /* nearBestUITests.swift */ = {isa = PBXFileReference; lastKnownFileType = sourcecode.swift; path = nearBestUITests.swift; sourceTree = "<group>"; };
		2FB8EF7422F5D182007B2D6E /* Info.plist */ = {isa = PBXFileReference; lastKnownFileType = text.plist.xml; path = Info.plist; sourceTree = "<group>"; };
		2FC3F8FB22F635BC00448373 /* ParsingManager.swift */ = {isa = PBXFileReference; lastKnownFileType = sourcecode.swift; path = ParsingManager.swift; sourceTree = "<group>"; };
		2FC3F8FD22F63F7900448373 /* DetailsScreenController.swift */ = {isa = PBXFileReference; lastKnownFileType = sourcecode.swift; path = DetailsScreenController.swift; sourceTree = "<group>"; };
		2FC3F8FF22F6424C00448373 /* MainScreenController.swift */ = {isa = PBXFileReference; lastKnownFileType = sourcecode.swift; path = MainScreenController.swift; sourceTree = "<group>"; };
		2FC3F90222F6450000448373 /* DetailsCell.swift */ = {isa = PBXFileReference; lastKnownFileType = sourcecode.swift; path = DetailsCell.swift; sourceTree = "<group>"; };
		A7F8C5101359BF9CF26D6D79 /* Pods_nearBest.framework */ = {isa = PBXFileReference; explicitFileType = wrapper.framework; includeInIndex = 0; path = Pods_nearBest.framework; sourceTree = BUILT_PRODUCTS_DIR; };
		D4434EE2CCA12D53651BC316 /* Pods-nearBest.debug.xcconfig */ = {isa = PBXFileReference; includeInIndex = 1; lastKnownFileType = text.xcconfig; name = "Pods-nearBest.debug.xcconfig"; path = "Pods/Target Support Files/Pods-nearBest/Pods-nearBest.debug.xcconfig"; sourceTree = "<group>"; };
/* End PBXFileReference section */

/* Begin PBXFrameworksBuildPhase section */
		2FB8EF4C22F5D180007B2D6E /* Frameworks */ = {
			isa = PBXFrameworksBuildPhase;
			buildActionMask = 2147483647;
			files = (
				00C723E7101CE7B6C42416D0 /* Pods_nearBest.framework in Frameworks */,
			);
			runOnlyForDeploymentPostprocessing = 0;
		};
		2FB8EF6022F5D182007B2D6E /* Frameworks */ = {
			isa = PBXFrameworksBuildPhase;
			buildActionMask = 2147483647;
			files = (
			);
			runOnlyForDeploymentPostprocessing = 0;
		};
		2FB8EF6B22F5D182007B2D6E /* Frameworks */ = {
			isa = PBXFrameworksBuildPhase;
			buildActionMask = 2147483647;
			files = (
			);
			runOnlyForDeploymentPostprocessing = 0;
		};
/* End PBXFrameworksBuildPhase section */

/* Begin PBXGroup section */
		2F05156F22F5DBEC00217ACD /* Main Screen */ = {
			isa = PBXGroup;
			children = (
				2F05157022F5DC1200217ACD /* MainScreenView.swift */,
				2FC3F8FF22F6424C00448373 /* MainScreenController.swift */,
			);
			path = "Main Screen";
			sourceTree = "<group>";
		};
		2F05157222F5DF7000217ACD /* Managers */ = {
			isa = PBXGroup;
			children = (
				2F05157322F5DF9000217ACD /* RequestManager.swift */,
				2FC3F8FB22F635BC00448373 /* ParsingManager.swift */,
				2F3C256E22F76183006A3389 /* DataBaseManager.swift */,
			);
			path = Managers;
			sourceTree = "<group>";
		};
		2F05157522F5EDF600217ACD /* DetailsScreen */ = {
			isa = PBXGroup;
			children = (
				2FC3F90122F644DF00448373 /* Cells */,
				2F05157B22F62E4E00217ACD /* DetailsScreenView.swift */,
				2FC3F8FD22F63F7900448373 /* DetailsScreenController.swift */,
			);
			path = DetailsScreen;
			sourceTree = "<group>";
		};
		2F05157822F6200200217ACD /* Models */ = {
			isa = PBXGroup;
			children = (
				2F05157922F6201800217ACD /* PlaceModel.swift */,
			);
			path = Models;
			sourceTree = "<group>";
		};
		2FB8EF4622F5D180007B2D6E = {
			isa = PBXGroup;
			children = (
				2FB8EF5122F5D180007B2D6E /* nearBest */,
				2FB8EF6622F5D182007B2D6E /* nearBestTests */,
				2FB8EF7122F5D182007B2D6E /* nearBestUITests */,
				2FB8EF5022F5D180007B2D6E /* Products */,
				A875C7B747C644923F488A83 /* Pods */,
				426C27148FE2F2A9045E6DD7 /* Frameworks */,
			);
			sourceTree = "<group>";
		};
		2FB8EF5022F5D180007B2D6E /* Products */ = {
			isa = PBXGroup;
			children = (
				2FB8EF4F22F5D180007B2D6E /* nearBest.app */,
				2FB8EF6322F5D182007B2D6E /* nearBestTests.xctest */,
				2FB8EF6E22F5D182007B2D6E /* nearBestUITests.xctest */,
			);
			name = Products;
			sourceTree = "<group>";
		};
		2FB8EF5122F5D180007B2D6E /* nearBest */ = {
			isa = PBXGroup;
			children = (
				2F05157822F6200200217ACD /* Models */,
				2F05157522F5EDF600217ACD /* DetailsScreen */,
				2F05157222F5DF7000217ACD /* Managers */,
				2F05156F22F5DBEC00217ACD /* Main Screen */,
				2FB8EF5222F5D180007B2D6E /* AppDelegate.swift */,
				2FB8EF5622F5D180007B2D6E /* Main.storyboard */,
				2FB8EF5922F5D182007B2D6E /* Assets.xcassets */,
				2FB8EF5B22F5D182007B2D6E /* LaunchScreen.storyboard */,
				2FB8EF5E22F5D182007B2D6E /* Info.plist */,
			);
			path = nearBest;
			sourceTree = "<group>";
		};
		2FB8EF6622F5D182007B2D6E /* nearBestTests */ = {
			isa = PBXGroup;
			children = (
				2FB8EF6922F5D182007B2D6E /* Info.plist */,
				2F671FAE22F8597D0052AF1B /* MainScreenTests.swift */,
				2F9E464C22F8A33900BF6B7F /* DetailsScreenTests.swift */,
			);
			path = nearBestTests;
			sourceTree = "<group>";
		};
		2FB8EF7122F5D182007B2D6E /* nearBestUITests */ = {
			isa = PBXGroup;
			children = (
				2FB8EF7222F5D182007B2D6E /* nearBestUITests.swift */,
				2FB8EF7422F5D182007B2D6E /* Info.plist */,
			);
			path = nearBestUITests;
			sourceTree = "<group>";
		};
		2FC3F90122F644DF00448373 /* Cells */ = {
			isa = PBXGroup;
			children = (
				2FC3F90222F6450000448373 /* DetailsCell.swift */,
			);
			path = Cells;
			sourceTree = "<group>";
		};
		426C27148FE2F2A9045E6DD7 /* Frameworks */ = {
			isa = PBXGroup;
			children = (
				A7F8C5101359BF9CF26D6D79 /* Pods_nearBest.framework */,
			);
			name = Frameworks;
			sourceTree = "<group>";
		};
		A875C7B747C644923F488A83 /* Pods */ = {
			isa = PBXGroup;
			children = (
				D4434EE2CCA12D53651BC316 /* Pods-nearBest.debug.xcconfig */,
				152FD2011A63BAA6C5463134 /* Pods-nearBest.release.xcconfig */,
			);
			name = Pods;
			sourceTree = "<group>";
		};
/* End PBXGroup section */

/* Begin PBXNativeTarget section */
		2FB8EF4E22F5D180007B2D6E /* nearBest */ = {
			isa = PBXNativeTarget;
			buildConfigurationList = 2FB8EF7722F5D182007B2D6E /* Build configuration list for PBXNativeTarget "nearBest" */;
			buildPhases = (
				8A3DF147490A6621984F8BEB /* [CP] Check Pods Manifest.lock */,
				2FB8EF4B22F5D180007B2D6E /* Sources */,
				2FB8EF4C22F5D180007B2D6E /* Frameworks */,
				2FB8EF4D22F5D180007B2D6E /* Resources */,
				FC28FAF8A2D74FA1FFC77FF5 /* [CP] Embed Pods Frameworks */,
			);
			buildRules = (
			);
			dependencies = (
			);
			name = nearBest;
			productName = nearBest;
			productReference = 2FB8EF4F22F5D180007B2D6E /* nearBest.app */;
			productType = "com.apple.product-type.application";
		};
		2FB8EF6222F5D182007B2D6E /* nearBestTests */ = {
			isa = PBXNativeTarget;
			buildConfigurationList = 2FB8EF7A22F5D182007B2D6E /* Build configuration list for PBXNativeTarget "nearBestTests" */;
			buildPhases = (
				2FB8EF5F22F5D182007B2D6E /* Sources */,
				2FB8EF6022F5D182007B2D6E /* Frameworks */,
				2FB8EF6122F5D182007B2D6E /* Resources */,
			);
			buildRules = (
			);
			dependencies = (
				2FB8EF6522F5D182007B2D6E /* PBXTargetDependency */,
			);
			name = nearBestTests;
			productName = nearBestTests;
			productReference = 2FB8EF6322F5D182007B2D6E /* nearBestTests.xctest */;
			productType = "com.apple.product-type.bundle.unit-test";
		};
		2FB8EF6D22F5D182007B2D6E /* nearBestUITests */ = {
			isa = PBXNativeTarget;
			buildConfigurationList = 2FB8EF7D22F5D182007B2D6E /* Build configuration list for PBXNativeTarget "nearBestUITests" */;
			buildPhases = (
				2FB8EF6A22F5D182007B2D6E /* Sources */,
				2FB8EF6B22F5D182007B2D6E /* Frameworks */,
				2FB8EF6C22F5D182007B2D6E /* Resources */,
			);
			buildRules = (
			);
			dependencies = (
				2FB8EF7022F5D182007B2D6E /* PBXTargetDependency */,
			);
			name = nearBestUITests;
			productName = nearBestUITests;
			productReference = 2FB8EF6E22F5D182007B2D6E /* nearBestUITests.xctest */;
			productType = "com.apple.product-type.bundle.ui-testing";
		};
/* End PBXNativeTarget section */

/* Begin PBXProject section */
		2FB8EF4722F5D180007B2D6E /* Project object */ = {
			isa = PBXProject;
			attributes = {
				LastSwiftUpdateCheck = 1010;
				LastUpgradeCheck = 1010;
				ORGANIZATIONNAME = mattcbr;
				TargetAttributes = {
					2FB8EF4E22F5D180007B2D6E = {
						CreatedOnToolsVersion = 10.1;
					};
					2FB8EF6222F5D182007B2D6E = {
						CreatedOnToolsVersion = 10.1;
						TestTargetID = 2FB8EF4E22F5D180007B2D6E;
					};
					2FB8EF6D22F5D182007B2D6E = {
						CreatedOnToolsVersion = 10.1;
						TestTargetID = 2FB8EF4E22F5D180007B2D6E;
					};
				};
			};
			buildConfigurationList = 2FB8EF4A22F5D180007B2D6E /* Build configuration list for PBXProject "nearBest" */;
			compatibilityVersion = "Xcode 9.3";
			developmentRegion = en;
			hasScannedForEncodings = 0;
			knownRegions = (
				en,
				Base,
			);
			mainGroup = 2FB8EF4622F5D180007B2D6E;
			productRefGroup = 2FB8EF5022F5D180007B2D6E /* Products */;
			projectDirPath = "";
			projectRoot = "";
			targets = (
				2FB8EF4E22F5D180007B2D6E /* nearBest */,
				2FB8EF6222F5D182007B2D6E /* nearBestTests */,
				2FB8EF6D22F5D182007B2D6E /* nearBestUITests */,
			);
		};
/* End PBXProject section */

/* Begin PBXResourcesBuildPhase section */
		2FB8EF4D22F5D180007B2D6E /* Resources */ = {
			isa = PBXResourcesBuildPhase;
			buildActionMask = 2147483647;
			files = (
				2FB8EF5D22F5D182007B2D6E /* LaunchScreen.storyboard in Resources */,
				2FB8EF5A22F5D182007B2D6E /* Assets.xcassets in Resources */,
				2FB8EF5822F5D180007B2D6E /* Main.storyboard in Resources */,
			);
			runOnlyForDeploymentPostprocessing = 0;
		};
		2FB8EF6122F5D182007B2D6E /* Resources */ = {
			isa = PBXResourcesBuildPhase;
			buildActionMask = 2147483647;
			files = (
			);
			runOnlyForDeploymentPostprocessing = 0;
		};
		2FB8EF6C22F5D182007B2D6E /* Resources */ = {
			isa = PBXResourcesBuildPhase;
			buildActionMask = 2147483647;
			files = (
			);
			runOnlyForDeploymentPostprocessing = 0;
		};
/* End PBXResourcesBuildPhase section */

/* Begin PBXShellScriptBuildPhase section */
		8A3DF147490A6621984F8BEB /* [CP] Check Pods Manifest.lock */ = {
			isa = PBXShellScriptBuildPhase;
			buildActionMask = 2147483647;
			files = (
			);
			inputFileListPaths = (
			);
			inputPaths = (
				"${PODS_PODFILE_DIR_PATH}/Podfile.lock",
				"${PODS_ROOT}/Manifest.lock",
			);
			name = "[CP] Check Pods Manifest.lock";
			outputFileListPaths = (
			);
			outputPaths = (
				"$(DERIVED_FILE_DIR)/Pods-nearBest-checkManifestLockResult.txt",
			);
			runOnlyForDeploymentPostprocessing = 0;
			shellPath = /bin/sh;
			shellScript = "diff \"${PODS_PODFILE_DIR_PATH}/Podfile.lock\" \"${PODS_ROOT}/Manifest.lock\" > /dev/null\nif [ $? != 0 ] ; then\n    # print error to STDERR\n    echo \"error: The sandbox is not in sync with the Podfile.lock. Run 'pod install' or update your CocoaPods installation.\" >&2\n    exit 1\nfi\n# This output is used by Xcode 'outputs' to avoid re-running this script phase.\necho \"SUCCESS\" > \"${SCRIPT_OUTPUT_FILE_0}\"\n";
			showEnvVarsInLog = 0;
		};
		FC28FAF8A2D74FA1FFC77FF5 /* [CP] Embed Pods Frameworks */ = {
			isa = PBXShellScriptBuildPhase;
			buildActionMask = 2147483647;
			files = (
			);
			inputFileListPaths = (
			);
			inputPaths = (
				"${SRCROOT}/Pods/Target Support Files/Pods-nearBest/Pods-nearBest-frameworks.sh",
				"${BUILT_PRODUCTS_DIR}/Alamofire/Alamofire.framework",
				"${BUILT_PRODUCTS_DIR}/AlamofireImage/AlamofireImage.framework",
				"${BUILT_PRODUCTS_DIR}/FMDB/FMDB.framework",
			);
			name = "[CP] Embed Pods Frameworks";
			outputFileListPaths = (
			);
			outputPaths = (
				"${TARGET_BUILD_DIR}/${FRAMEWORKS_FOLDER_PATH}/Alamofire.framework",
				"${TARGET_BUILD_DIR}/${FRAMEWORKS_FOLDER_PATH}/AlamofireImage.framework",
				"${TARGET_BUILD_DIR}/${FRAMEWORKS_FOLDER_PATH}/FMDB.framework",
			);
			runOnlyForDeploymentPostprocessing = 0;
			shellPath = /bin/sh;
			shellScript = "\"${SRCROOT}/Pods/Target Support Files/Pods-nearBest/Pods-nearBest-frameworks.sh\"\n";
			showEnvVarsInLog = 0;
		};
/* End PBXShellScriptBuildPhase section */

/* Begin PBXSourcesBuildPhase section */
		2FB8EF4B22F5D180007B2D6E /* Sources */ = {
			isa = PBXSourcesBuildPhase;
			buildActionMask = 2147483647;
			files = (
				2FC3F90322F6450000448373 /* DetailsCell.swift in Sources */,
				2FC3F8FC22F635BC00448373 /* ParsingManager.swift in Sources */,
				2F05157422F5DF9000217ACD /* RequestManager.swift in Sources */,
				2FC3F8FE22F63F7900448373 /* DetailsScreenController.swift in Sources */,
				2F3C256F22F76183006A3389 /* DataBaseManager.swift in Sources */,
				2FB8EF5322F5D180007B2D6E /* AppDelegate.swift in Sources */,
				2F05157C22F62E4E00217ACD /* DetailsScreenView.swift in Sources */,
				2F05157A22F6201800217ACD /* PlaceModel.swift in Sources */,
				2FC3F90022F6424C00448373 /* MainScreenController.swift in Sources */,
				2F05157122F5DC1200217ACD /* MainScreenView.swift in Sources */,
			);
			runOnlyForDeploymentPostprocessing = 0;
		};
		2FB8EF5F22F5D182007B2D6E /* Sources */ = {
			isa = PBXSourcesBuildPhase;
			buildActionMask = 2147483647;
			files = (
				2F9E464D22F8A33900BF6B7F /* DetailsScreenTests.swift in Sources */,
				2F671FAF22F8597D0052AF1B /* MainScreenTests.swift in Sources */,
			);
			runOnlyForDeploymentPostprocessing = 0;
		};
		2FB8EF6A22F5D182007B2D6E /* Sources */ = {
			isa = PBXSourcesBuildPhase;
			buildActionMask = 2147483647;
			files = (
				2FB8EF7322F5D182007B2D6E /* nearBestUITests.swift in Sources */,
			);
			runOnlyForDeploymentPostprocessing = 0;
		};
/* End PBXSourcesBuildPhase section */

/* Begin PBXTargetDependency section */
		2FB8EF6522F5D182007B2D6E /* PBXTargetDependency */ = {
			isa = PBXTargetDependency;
			target = 2FB8EF4E22F5D180007B2D6E /* nearBest */;
			targetProxy = 2FB8EF6422F5D182007B2D6E /* PBXContainerItemProxy */;
		};
		2FB8EF7022F5D182007B2D6E /* PBXTargetDependency */ = {
			isa = PBXTargetDependency;
			target = 2FB8EF4E22F5D180007B2D6E /* nearBest */;
			targetProxy = 2FB8EF6F22F5D182007B2D6E /* PBXContainerItemProxy */;
		};
/* End PBXTargetDependency section */

/* Begin PBXVariantGroup section */
		2FB8EF5622F5D180007B2D6E /* Main.storyboard */ = {
			isa = PBXVariantGroup;
			children = (
				2FB8EF5722F5D180007B2D6E /* Base */,
			);
			name = Main.storyboard;
			sourceTree = "<group>";
		};
		2FB8EF5B22F5D182007B2D6E /* LaunchScreen.storyboard */ = {
			isa = PBXVariantGroup;
			children = (
				2FB8EF5C22F5D182007B2D6E /* Base */,
			);
			name = LaunchScreen.storyboard;
			sourceTree = "<group>";
		};
/* End PBXVariantGroup section */

/* Begin XCBuildConfiguration section */
		2FB8EF7522F5D182007B2D6E /* Debug */ = {
			isa = XCBuildConfiguration;
			buildSettings = {
				ALWAYS_SEARCH_USER_PATHS = NO;
				CLANG_ANALYZER_NONNULL = YES;
				CLANG_ANALYZER_NUMBER_OBJECT_CONVERSION = YES_AGGRESSIVE;
				CLANG_CXX_LANGUAGE_STANDARD = "gnu++14";
				CLANG_CXX_LIBRARY = "libc++";
				CLANG_ENABLE_MODULES = YES;
				CLANG_ENABLE_OBJC_ARC = YES;
				CLANG_ENABLE_OBJC_WEAK = YES;
				CLANG_WARN_BLOCK_CAPTURE_AUTORELEASING = YES;
				CLANG_WARN_BOOL_CONVERSION = YES;
				CLANG_WARN_COMMA = YES;
				CLANG_WARN_CONSTANT_CONVERSION = YES;
				CLANG_WARN_DEPRECATED_OBJC_IMPLEMENTATIONS = YES;
				CLANG_WARN_DIRECT_OBJC_ISA_USAGE = YES_ERROR;
				CLANG_WARN_DOCUMENTATION_COMMENTS = YES;
				CLANG_WARN_EMPTY_BODY = YES;
				CLANG_WARN_ENUM_CONVERSION = YES;
				CLANG_WARN_INFINITE_RECURSION = YES;
				CLANG_WARN_INT_CONVERSION = YES;
				CLANG_WARN_NON_LITERAL_NULL_CONVERSION = YES;
				CLANG_WARN_OBJC_IMPLICIT_RETAIN_SELF = YES;
				CLANG_WARN_OBJC_LITERAL_CONVERSION = YES;
				CLANG_WARN_OBJC_ROOT_CLASS = YES_ERROR;
				CLANG_WARN_RANGE_LOOP_ANALYSIS = YES;
				CLANG_WARN_STRICT_PROTOTYPES = YES;
				CLANG_WARN_SUSPICIOUS_MOVE = YES;
				CLANG_WARN_UNGUARDED_AVAILABILITY = YES_AGGRESSIVE;
				CLANG_WARN_UNREACHABLE_CODE = YES;
				CLANG_WARN__DUPLICATE_METHOD_MATCH = YES;
				CODE_SIGN_IDENTITY = "iPhone Developer";
				COPY_PHASE_STRIP = NO;
				DEBUG_INFORMATION_FORMAT = dwarf;
				ENABLE_STRICT_OBJC_MSGSEND = YES;
				ENABLE_TESTABILITY = YES;
				GCC_C_LANGUAGE_STANDARD = gnu11;
				GCC_DYNAMIC_NO_PIC = NO;
				GCC_NO_COMMON_BLOCKS = YES;
				GCC_OPTIMIZATION_LEVEL = 0;
				GCC_PREPROCESSOR_DEFINITIONS = (
					"DEBUG=1",
					"$(inherited)",
				);
				GCC_WARN_64_TO_32_BIT_CONVERSION = YES;
				GCC_WARN_ABOUT_RETURN_TYPE = YES_ERROR;
				GCC_WARN_UNDECLARED_SELECTOR = YES;
				GCC_WARN_UNINITIALIZED_AUTOS = YES_AGGRESSIVE;
				GCC_WARN_UNUSED_FUNCTION = YES;
				GCC_WARN_UNUSED_VARIABLE = YES;
				IPHONEOS_DEPLOYMENT_TARGET = 12.1;
				MTL_ENABLE_DEBUG_INFO = INCLUDE_SOURCE;
				MTL_FAST_MATH = YES;
				ONLY_ACTIVE_ARCH = YES;
				SDKROOT = iphoneos;
				SWIFT_ACTIVE_COMPILATION_CONDITIONS = DEBUG;
				SWIFT_OPTIMIZATION_LEVEL = "-Onone";
			};
			name = Debug;
		};
		2FB8EF7622F5D182007B2D6E /* Release */ = {
			isa = XCBuildConfiguration;
			buildSettings = {
				ALWAYS_SEARCH_USER_PATHS = NO;
				CLANG_ANALYZER_NONNULL = YES;
				CLANG_ANALYZER_NUMBER_OBJECT_CONVERSION = YES_AGGRESSIVE;
				CLANG_CXX_LANGUAGE_STANDARD = "gnu++14";
				CLANG_CXX_LIBRARY = "libc++";
				CLANG_ENABLE_MODULES = YES;
				CLANG_ENABLE_OBJC_ARC = YES;
				CLANG_ENABLE_OBJC_WEAK = YES;
				CLANG_WARN_BLOCK_CAPTURE_AUTORELEASING = YES;
				CLANG_WARN_BOOL_CONVERSION = YES;
				CLANG_WARN_COMMA = YES;
				CLANG_WARN_CONSTANT_CONVERSION = YES;
				CLANG_WARN_DEPRECATED_OBJC_IMPLEMENTATIONS = YES;
				CLANG_WARN_DIRECT_OBJC_ISA_USAGE = YES_ERROR;
				CLANG_WARN_DOCUMENTATION_COMMENTS = YES;
				CLANG_WARN_EMPTY_BODY = YES;
				CLANG_WARN_ENUM_CONVERSION = YES;
				CLANG_WARN_INFINITE_RECURSION = YES;
				CLANG_WARN_INT_CONVERSION = YES;
				CLANG_WARN_NON_LITERAL_NULL_CONVERSION = YES;
				CLANG_WARN_OBJC_IMPLICIT_RETAIN_SELF = YES;
				CLANG_WARN_OBJC_LITERAL_CONVERSION = YES;
				CLANG_WARN_OBJC_ROOT_CLASS = YES_ERROR;
				CLANG_WARN_RANGE_LOOP_ANALYSIS = YES;
				CLANG_WARN_STRICT_PROTOTYPES = YES;
				CLANG_WARN_SUSPICIOUS_MOVE = YES;
				CLANG_WARN_UNGUARDED_AVAILABILITY = YES_AGGRESSIVE;
				CLANG_WARN_UNREACHABLE_CODE = YES;
				CLANG_WARN__DUPLICATE_METHOD_MATCH = YES;
				CODE_SIGN_IDENTITY = "iPhone Developer";
				COPY_PHASE_STRIP = NO;
				DEBUG_INFORMATION_FORMAT = "dwarf-with-dsym";
				ENABLE_NS_ASSERTIONS = NO;
				ENABLE_STRICT_OBJC_MSGSEND = YES;
				GCC_C_LANGUAGE_STANDARD = gnu11;
				GCC_NO_COMMON_BLOCKS = YES;
				GCC_WARN_64_TO_32_BIT_CONVERSION = YES;
				GCC_WARN_ABOUT_RETURN_TYPE = YES_ERROR;
				GCC_WARN_UNDECLARED_SELECTOR = YES;
				GCC_WARN_UNINITIALIZED_AUTOS = YES_AGGRESSIVE;
				GCC_WARN_UNUSED_FUNCTION = YES;
				GCC_WARN_UNUSED_VARIABLE = YES;
				IPHONEOS_DEPLOYMENT_TARGET = 12.1;
				MTL_ENABLE_DEBUG_INFO = NO;
				MTL_FAST_MATH = YES;
				SDKROOT = iphoneos;
				SWIFT_COMPILATION_MODE = wholemodule;
				SWIFT_OPTIMIZATION_LEVEL = "-O";
				VALIDATE_PRODUCT = YES;
			};
			name = Release;
		};
		2FB8EF7822F5D182007B2D6E /* Debug */ = {
			isa = XCBuildConfiguration;
			baseConfigurationReference = D4434EE2CCA12D53651BC316 /* Pods-nearBest.debug.xcconfig */;
			buildSettings = {
				ASSETCATALOG_COMPILER_APPICON_NAME = AppIcon;
				CODE_SIGN_STYLE = Automatic;
				DEVELOPMENT_TEAM = 33TU6AGDM9;
				INFOPLIST_FILE = nearBest/Info.plist;
				LD_RUNPATH_SEARCH_PATHS = (
					"$(inherited)",
					"@executable_path/Frameworks",
				);
				PRODUCT_BUNDLE_IDENTIFIER = com.mattcbr.nearBest;
				PRODUCT_NAME = "$(TARGET_NAME)";
				SWIFT_VERSION = 4.2;
				TARGETED_DEVICE_FAMILY = "1,2";
			};
			name = Debug;
		};
		2FB8EF7922F5D182007B2D6E /* Release */ = {
			isa = XCBuildConfiguration;
			baseConfigurationReference = 152FD2011A63BAA6C5463134 /* Pods-nearBest.release.xcconfig */;
			buildSettings = {
				ASSETCATALOG_COMPILER_APPICON_NAME = AppIcon;
				CODE_SIGN_STYLE = Automatic;
				DEVELOPMENT_TEAM = 33TU6AGDM9;
				INFOPLIST_FILE = nearBest/Info.plist;
				LD_RUNPATH_SEARCH_PATHS = (
					"$(inherited)",
					"@executable_path/Frameworks",
				);
				PRODUCT_BUNDLE_IDENTIFIER = com.mattcbr.nearBest;
				PRODUCT_NAME = "$(TARGET_NAME)";
				SWIFT_VERSION = 4.2;
				TARGETED_DEVICE_FAMILY = "1,2";
			};
			name = Release;
		};
		2FB8EF7B22F5D182007B2D6E /* Debug */ = {
			isa = XCBuildConfiguration;
			buildSettings = {
				ALWAYS_EMBED_SWIFT_STANDARD_LIBRARIES = YES;
				BUNDLE_LOADER = "$(TEST_HOST)";
				CODE_SIGN_STYLE = Automatic;
				DEVELOPMENT_TEAM = 8DAQ759ZX7;
				INFOPLIST_FILE = nearBestTests/Info.plist;
				LD_RUNPATH_SEARCH_PATHS = (
					"$(inherited)",
					"@executable_path/Frameworks",
					"@loader_path/Frameworks",
				);
				PRODUCT_BUNDLE_IDENTIFIER = com.mattcbr.nearBestTests;
				PRODUCT_NAME = "$(TARGET_NAME)";
				SWIFT_VERSION = 4.2;
				TARGETED_DEVICE_FAMILY = "1,2";
				TEST_HOST = "$(BUILT_PRODUCTS_DIR)/nearBest.app/nearBest";
			};
			name = Debug;
		};
		2FB8EF7C22F5D182007B2D6E /* Release */ = {
			isa = XCBuildConfiguration;
			buildSettings = {
				ALWAYS_EMBED_SWIFT_STANDARD_LIBRARIES = YES;
				BUNDLE_LOADER = "$(TEST_HOST)";
				CODE_SIGN_STYLE = Automatic;
				DEVELOPMENT_TEAM = 8DAQ759ZX7;
				INFOPLIST_FILE = nearBestTests/Info.plist;
				LD_RUNPATH_SEARCH_PATHS = (
					"$(inherited)",
					"@executable_path/Frameworks",
					"@loader_path/Frameworks",
				);
				PRODUCT_BUNDLE_IDENTIFIER = com.mattcbr.nearBestTests;
				PRODUCT_NAME = "$(TARGET_NAME)";
				SWIFT_VERSION = 4.2;
				TARGETED_DEVICE_FAMILY = "1,2";
				TEST_HOST = "$(BUILT_PRODUCTS_DIR)/nearBest.app/nearBest";
			};
			name = Release;
		};
		2FB8EF7E22F5D182007B2D6E /* Debug */ = {
			isa = XCBuildConfiguration;
			buildSettings = {
				ALWAYS_EMBED_SWIFT_STANDARD_LIBRARIES = YES;
				CODE_SIGN_STYLE = Automatic;
				DEVELOPMENT_TEAM = 8DAQ759ZX7;
				INFOPLIST_FILE = nearBestUITests/Info.plist;
				LD_RUNPATH_SEARCH_PATHS = (
					"$(inherited)",
					"@executable_path/Frameworks",
					"@loader_path/Frameworks",
				);
				PRODUCT_BUNDLE_IDENTIFIER = com.mattcbr.nearBestUITests;
				PRODUCT_NAME = "$(TARGET_NAME)";
				SWIFT_VERSION = 4.2;
				TARGETED_DEVICE_FAMILY = "1,2";
				TEST_TARGET_NAME = nearBest;
			};
			name = Debug;
		};
		2FB8EF7F22F5D182007B2D6E /* Release */ = {
			isa = XCBuildConfiguration;
			buildSettings = {
				ALWAYS_EMBED_SWIFT_STANDARD_LIBRARIES = YES;
				CODE_SIGN_STYLE = Automatic;
				DEVELOPMENT_TEAM = 8DAQ759ZX7;
				INFOPLIST_FILE = nearBestUITests/Info.plist;
				LD_RUNPATH_SEARCH_PATHS = (
					"$(inherited)",
					"@executable_path/Frameworks",
					"@loader_path/Frameworks",
				);
				PRODUCT_BUNDLE_IDENTIFIER = com.mattcbr.nearBestUITests;
				PRODUCT_NAME = "$(TARGET_NAME)";
				SWIFT_VERSION = 4.2;
				TARGETED_DEVICE_FAMILY = "1,2";
				TEST_TARGET_NAME = nearBest;
			};
			name = Release;
		};
/* End XCBuildConfiguration section */

/* Begin XCConfigurationList section */
		2FB8EF4A22F5D180007B2D6E /* Build configuration list for PBXProject "nearBest" */ = {
			isa = XCConfigurationList;
			buildConfigurations = (
				2FB8EF7522F5D182007B2D6E /* Debug */,
				2FB8EF7622F5D182007B2D6E /* Release */,
			);
			defaultConfigurationIsVisible = 0;
			defaultConfigurationName = Release;
		};
		2FB8EF7722F5D182007B2D6E /* Build configuration list for PBXNativeTarget "nearBest" */ = {
			isa = XCConfigurationList;
			buildConfigurations = (
				2FB8EF7822F5D182007B2D6E /* Debug */,
				2FB8EF7922F5D182007B2D6E /* Release */,
			);
			defaultConfigurationIsVisible = 0;
			defaultConfigurationName = Release;
		};
		2FB8EF7A22F5D182007B2D6E /* Build configuration list for PBXNativeTarget "nearBestTests" */ = {
			isa = XCConfigurationList;
			buildConfigurations = (
				2FB8EF7B22F5D182007B2D6E /* Debug */,
				2FB8EF7C22F5D182007B2D6E /* Release */,
			);
			defaultConfigurationIsVisible = 0;
			defaultConfigurationName = Release;
		};
		2FB8EF7D22F5D182007B2D6E /* Build configuration list for PBXNativeTarget "nearBestUITests" */ = {
			isa = XCConfigurationList;
			buildConfigurations = (
				2FB8EF7E22F5D182007B2D6E /* Debug */,
				2FB8EF7F22F5D182007B2D6E /* Release */,
			);
			defaultConfigurationIsVisible = 0;
			defaultConfigurationName = Release;
		};
/* End XCConfigurationList section */
	};
	rootObject = 2FB8EF4722F5D180007B2D6E /* Project object */;
}
